// !$*UTF8*$!
{
	archiveVersion = 1;
	classes = {
	};
	objectVersion = 50;
	objects = {

/* Begin PBXBuildFile section */
		14E1BFEC25E2826A0081A144 /* NavigationViewAndListApp.swift in Sources */ = {isa = PBXBuildFile; fileRef = 14E1BFEB25E2826A0081A144 /* NavigationViewAndListApp.swift */; };
		14E1BFEE25E2826A0081A144 /* ContentView.swift in Sources */ = {isa = PBXBuildFile; fileRef = 14E1BFED25E2826A0081A144 /* ContentView.swift */; };
		14E1BFF025E2826D0081A144 /* Assets.xcassets in Resources */ = {isa = PBXBuildFile; fileRef = 14E1BFEF25E2826D0081A144 /* Assets.xcassets */; };
		14E1BFF325E2826D0081A144 /* Preview Assets.xcassets in Resources */ = {isa = PBXBuildFile; fileRef = 14E1BFF225E2826D0081A144 /* Preview Assets.xcassets */; };
		14E1BFFE25E2826D0081A144 /* NavigationViewAndListTests.swift in Sources */ = {isa = PBXBuildFile; fileRef = 14E1BFFD25E2826D0081A144 /* NavigationViewAndListTests.swift */; };
		14E1C00925E2826D0081A144 /* NavigationViewAndListUITests.swift in Sources */ = {isa = PBXBuildFile; fileRef = 14E1C00825E2826D0081A144 /* NavigationViewAndListUITests.swift */; };
/* End PBXBuildFile section */

/* Begin PBXContainerItemProxy section */
		14E1BFFA25E2826D0081A144 /* PBXContainerItemProxy */ = {
			isa = PBXContainerItemProxy;
			containerPortal = 14E1BFE025E2826A0081A144 /* Project object */;
			proxyType = 1;
			remoteGlobalIDString = 14E1BFE725E2826A0081A144;
			remoteInfo = NavigationViewAndList;
		};
		14E1C00525E2826D0081A144 /* PBXContainerItemProxy */ = {
			isa = PBXContainerItemProxy;
			containerPortal = 14E1BFE025E2826A0081A144 /* Project object */;
			proxyType = 1;
			remoteGlobalIDString = 14E1BFE725E2826A0081A144;
			remoteInfo = NavigationViewAndList;
		};
/* End PBXContainerItemProxy section */

/* Begin PBXFileReference section */
		14E1BFE825E2826A0081A144 /* NavigationViewAndList.app */ = {isa = PBXFileReference; explicitFileType = wrapper.application; includeInIndex = 0; path = NavigationViewAndList.app; sourceTree = BUILT_PRODUCTS_DIR; };
		14E1BFEB25E2826A0081A144 /* NavigationViewAndListApp.swift */ = {isa = PBXFileReference; lastKnownFileType = sourcecode.swift; path = NavigationViewAndListApp.swift; sourceTree = "<group>"; };
		14E1BFED25E2826A0081A144 /* ContentView.swift */ = {isa = PBXFileReference; lastKnownFileType = sourcecode.swift; path = ContentView.swift; sourceTree = "<group>"; };
		14E1BFEF25E2826D0081A144 /* Assets.xcassets */ = {isa = PBXFileReference; lastKnownFileType = folder.assetcatalog; path = Assets.xcassets; sourceTree = "<group>"; };
		14E1BFF225E2826D0081A144 /* Preview Assets.xcassets */ = {isa = PBXFileReference; lastKnownFileType = folder.assetcatalog; path = "Preview Assets.xcassets"; sourceTree = "<group>"; };
		14E1BFF425E2826D0081A144 /* Info.plist */ = {isa = PBXFileReference; lastKnownFileType = text.plist.xml; path = Info.plist; sourceTree = "<group>"; };
		14E1BFF925E2826D0081A144 /* NavigationViewAndListTests.xctest */ = {isa = PBXFileReference; explicitFileType = wrapper.cfbundle; includeInIndex = 0; path = NavigationViewAndListTests.xctest; sourceTree = BUILT_PRODUCTS_DIR; };
		14E1BFFD25E2826D0081A144 /* NavigationViewAndListTests.swift */ = {isa = PBXFileReference; lastKnownFileType = sourcecode.swift; path = NavigationViewAndListTests.swift; sourceTree = "<group>"; };
		14E1BFFF25E2826D0081A144 /* Info.plist */ = {isa = PBXFileReference; lastKnownFileType = text.plist.xml; path = Info.plist; sourceTree = "<group>"; };
		14E1C00425E2826D0081A144 /* NavigationViewAndListUITests.xctest */ = {isa = PBXFileReference; explicitFileType = wrapper.cfbundle; includeInIndex = 0; path = NavigationViewAndListUITests.xctest; sourceTree = BUILT_PRODUCTS_DIR; };
		14E1C00825E2826D0081A144 /* NavigationViewAndListUITests.swift */ = {isa = PBXFileReference; lastKnownFileType = sourcecode.swift; path = NavigationViewAndListUITests.swift; sourceTree = "<group>"; };
		14E1C00A25E2826D0081A144 /* Info.plist */ = {isa = PBXFileReference; lastKnownFileType = text.plist.xml; path = Info.plist; sourceTree = "<group>"; };
/* End PBXFileReference section */

/* Begin PBXFrameworksBuildPhase section */
		14E1BFE525E2826A0081A144 /* Frameworks */ = {
			isa = PBXFrameworksBuildPhase;
			buildActionMask = 2147483647;
			files = (
			);
			runOnlyForDeploymentPostprocessing = 0;
		};
		14E1BFF625E2826D0081A144 /* Frameworks */ = {
			isa = PBXFrameworksBuildPhase;
			buildActionMask = 2147483647;
			files = (
			);
			runOnlyForDeploymentPostprocessing = 0;
		};
		14E1C00125E2826D0081A144 /* Frameworks */ = {
			isa = PBXFrameworksBuildPhase;
			buildActionMask = 2147483647;
			files = (
			);
			runOnlyForDeploymentPostprocessing = 0;
		};
/* End PBXFrameworksBuildPhase section */

/* Begin PBXGroup section */
		14E1BFDF25E2826A0081A144 = {
			isa = PBXGroup;
			children = (
				14E1BFEA25E2826A0081A144 /* NavigationViewAndList */,
				14E1BFFC25E2826D0081A144 /* NavigationViewAndListTests */,
				14E1C00725E2826D0081A144 /* NavigationViewAndListUITests */,
				14E1BFE925E2826A0081A144 /* Products */,
			);
			sourceTree = "<group>";
		};
		14E1BFE925E2826A0081A144 /* Products */ = {
			isa = PBXGroup;
			children = (
				14E1BFE825E2826A0081A144 /* NavigationViewAndList.app */,
				14E1BFF925E2826D0081A144 /* NavigationViewAndListTests.xctest */,
				14E1C00425E2826D0081A144 /* NavigationViewAndListUITests.xctest */,
			);
			name = Products;
			sourceTree = "<group>";
		};
		14E1BFEA25E2826A0081A144 /* NavigationViewAndList */ = {
			isa = PBXGroup;
			children = (
				14E1BFEB25E2826A0081A144 /* NavigationViewAndListApp.swift */,
				14E1BFED25E2826A0081A144 /* ContentView.swift */,
				14E1BFEF25E2826D0081A144 /* Assets.xcassets */,
				14E1BFF425E2826D0081A144 /* Info.plist */,
				14E1BFF125E2826D0081A144 /* Preview Content */,
			);
			path = NavigationViewAndList;
			sourceTree = "<group>";
		};
		14E1BFF125E2826D0081A144 /* Preview Content */ = {
			isa = PBXGroup;
			children = (
				14E1BFF225E2826D0081A144 /* Preview Assets.xcassets */,
			);
			path = "Preview Content";
			sourceTree = "<group>";
		};
		14E1BFFC25E2826D0081A144 /* NavigationViewAndListTests */ = {
			isa = PBXGroup;
			children = (
				14E1BFFD25E2826D0081A144 /* NavigationViewAndListTests.swift */,
				14E1BFFF25E2826D0081A144 /* Info.plist */,
			);
			path = NavigationViewAndListTests;
			sourceTree = "<group>";
		};
		14E1C00725E2826D0081A144 /* NavigationViewAndListUITests */ = {
			isa = PBXGroup;
			children = (
				14E1C00825E2826D0081A144 /* NavigationViewAndListUITests.swift */,
				14E1C00A25E2826D0081A144 /* Info.plist */,
			);
			path = NavigationViewAndListUITests;
			sourceTree = "<group>";
		};
/* End PBXGroup section */

/* Begin PBXNativeTarget section */
		14E1BFE725E2826A0081A144 /* NavigationViewAndList */ = {
			isa = PBXNativeTarget;
			buildConfigurationList = 14E1C00D25E2826D0081A144 /* Build configuration list for PBXNativeTarget "NavigationViewAndList" */;
			buildPhases = (
				14E1BFE425E2826A0081A144 /* Sources */,
				14E1BFE525E2826A0081A144 /* Frameworks */,
				14E1BFE625E2826A0081A144 /* Resources */,
			);
			buildRules = (
			);
			dependencies = (
			);
			name = NavigationViewAndList;
			productName = NavigationViewAndList;
			productReference = 14E1BFE825E2826A0081A144 /* NavigationViewAndList.app */;
			productType = "com.apple.product-type.application";
		};
		14E1BFF825E2826D0081A144 /* NavigationViewAndListTests */ = {
			isa = PBXNativeTarget;
			buildConfigurationList = 14E1C01025E2826D0081A144 /* Build configuration list for PBXNativeTarget "NavigationViewAndListTests" */;
			buildPhases = (
				14E1BFF525E2826D0081A144 /* Sources */,
				14E1BFF625E2826D0081A144 /* Frameworks */,
				14E1BFF725E2826D0081A144 /* Resources */,
			);
			buildRules = (
			);
			dependencies = (
				14E1BFFB25E2826D0081A144 /* PBXTargetDependency */,
			);
			name = NavigationViewAndListTests;
			productName = NavigationViewAndListTests;
			productReference = 14E1BFF925E2826D0081A144 /* NavigationViewAndListTests.xctest */;
			productType = "com.apple.product-type.bundle.unit-test";
		};
		14E1C00325E2826D0081A144 /* NavigationViewAndListUITests */ = {
			isa = PBXNativeTarget;
			buildConfigurationList = 14E1C01325E2826D0081A144 /* Build configuration list for PBXNativeTarget "NavigationViewAndListUITests" */;
			buildPhases = (
				14E1C00025E2826D0081A144 /* Sources */,
				14E1C00125E2826D0081A144 /* Frameworks */,
				14E1C00225E2826D0081A144 /* Resources */,
			);
			buildRules = (
			);
			dependencies = (
				14E1C00625E2826D0081A144 /* PBXTargetDependency */,
			);
			name = NavigationViewAndListUITests;
			productName = NavigationViewAndListUITests;
			productReference = 14E1C00425E2826D0081A144 /* NavigationViewAndListUITests.xctest */;
			productType = "com.apple.product-type.bundle.ui-testing";
		};
/* End PBXNativeTarget section */

/* Begin PBXProject section */
		14E1BFE025E2826A0081A144 /* Project object */ = {
			isa = PBXProject;
			attributes = {
				LastSwiftUpdateCheck = 1240;
				LastUpgradeCheck = 1240;
				TargetAttributes = {
					14E1BFE725E2826A0081A144 = {
						CreatedOnToolsVersion = 12.4;
					};
					14E1BFF825E2826D0081A144 = {
						CreatedOnToolsVersion = 12.4;
						TestTargetID = 14E1BFE725E2826A0081A144;
					};
					14E1C00325E2826D0081A144 = {
						CreatedOnToolsVersion = 12.4;
						TestTargetID = 14E1BFE725E2826A0081A144;
					};
				};
			};
			buildConfigurationList = 14E1BFE325E2826A0081A144 /* Build configuration list for PBXProject "NavigationViewAndList" */;
			compatibilityVersion = "Xcode 9.3";
			developmentRegion = en;
			hasScannedForEncodings = 0;
			knownRegions = (
				en,
				Base,
			);
			mainGroup = 14E1BFDF25E2826A0081A144;
			productRefGroup = 14E1BFE925E2826A0081A144 /* Products */;
			projectDirPath = "";
			projectRoot = "";
			targets = (
				14E1BFE725E2826A0081A144 /* NavigationViewAndList */,
				14E1BFF825E2826D0081A144 /* NavigationViewAndListTests */,
				14E1C00325E2826D0081A144 /* NavigationViewAndListUITests */,
			);
		};
/* End PBXProject section */

/* Begin PBXResourcesBuildPhase section */
		14E1BFE625E2826A0081A144 /* Resources */ = {
			isa = PBXResourcesBuildPhase;
			buildActionMask = 2147483647;
			files = (
				14E1BFF325E2826D0081A144 /* Preview Assets.xcassets in Resources */,
				14E1BFF025E2826D0081A144 /* Assets.xcassets in Resources */,
			);
			runOnlyForDeploymentPostprocessing = 0;
		};
		14E1BFF725E2826D0081A144 /* Resources */ = {
			isa = PBXResourcesBuildPhase;
			buildActionMask = 2147483647;
			files = (
			);
			runOnlyForDeploymentPostprocessing = 0;
		};
		14E1C00225E2826D0081A144 /* Resources */ = {
			isa = PBXResourcesBuildPhase;
			buildActionMask = 2147483647;
			files = (
			);
			runOnlyForDeploymentPostprocessing = 0;
		};
/* End PBXResourcesBuildPhase section */

/* Begin PBXSourcesBuildPhase section */
		14E1BFE425E2826A0081A144 /* Sources */ = {
			isa = PBXSourcesBuildPhase;
			buildActionMask = 2147483647;
			files = (
				14E1BFEE25E2826A0081A144 /* ContentView.swift in Sources */,
				14E1BFEC25E2826A0081A144 /* NavigationViewAndListApp.swift in Sources */,
			);
			runOnlyForDeploymentPostprocessing = 0;
		};
		14E1BFF525E2826D0081A144 /* Sources */ = {
			isa = PBXSourcesBuildPhase;
			buildActionMask = 2147483647;
			files = (
				14E1BFFE25E2826D0081A144 /* NavigationViewAndListTests.swift in Sources */,
			);
			runOnlyForDeploymentPostprocessing = 0;
		};
		14E1C00025E2826D0081A144 /* Sources */ = {
			isa = PBXSourcesBuildPhase;
			buildActionMask = 2147483647;
			files = (
				14E1C00925E2826D0081A144 /* NavigationViewAndListUITests.swift in Sources */,
			);
			runOnlyForDeploymentPostprocessing = 0;
		};
/* End PBXSourcesBuildPhase section */

/* Begin PBXTargetDependency section */
		14E1BFFB25E2826D0081A144 /* PBXTargetDependency */ = {
			isa = PBXTargetDependency;
			target = 14E1BFE725E2826A0081A144 /* NavigationViewAndList */;
			targetProxy = 14E1BFFA25E2826D0081A144 /* PBXContainerItemProxy */;
		};
		14E1C00625E2826D0081A144 /* PBXTargetDependency */ = {
			isa = PBXTargetDependency;
			target = 14E1BFE725E2826A0081A144 /* NavigationViewAndList */;
			targetProxy = 14E1C00525E2826D0081A144 /* PBXContainerItemProxy */;
		};
/* End PBXTargetDependency section */

/* Begin XCBuildConfiguration section */
		14E1C00B25E2826D0081A144 /* Debug */ = {
			isa = XCBuildConfiguration;
			buildSettings = {
				ALWAYS_SEARCH_USER_PATHS = NO;
				CLANG_ANALYZER_NONNULL = YES;
				CLANG_ANALYZER_NUMBER_OBJECT_CONVERSION = YES_AGGRESSIVE;
				CLANG_CXX_LANGUAGE_STANDARD = "gnu++14";
				CLANG_CXX_LIBRARY = "libc++";
				CLANG_ENABLE_MODULES = YES;
				CLANG_ENABLE_OBJC_ARC = YES;
				CLANG_ENABLE_OBJC_WEAK = YES;
				CLANG_WARN_BLOCK_CAPTURE_AUTORELEASING = YES;
				CLANG_WARN_BOOL_CONVERSION = YES;
				CLANG_WARN_COMMA = YES;
				CLANG_WARN_CONSTANT_CONVERSION = YES;
				CLANG_WARN_DEPRECATED_OBJC_IMPLEMENTATIONS = YES;
				CLANG_WARN_DIRECT_OBJC_ISA_USAGE = YES_ERROR;
				CLANG_WARN_DOCUMENTATION_COMMENTS = YES;
				CLANG_WARN_EMPTY_BODY = YES;
				CLANG_WARN_ENUM_CONVERSION = YES;
				CLANG_WARN_INFINITE_RECURSION = YES;
				CLANG_WARN_INT_CONVERSION = YES;
				CLANG_WARN_NON_LITERAL_NULL_CONVERSION = YES;
				CLANG_WARN_OBJC_IMPLICIT_RETAIN_SELF = YES;
				CLANG_WARN_OBJC_LITERAL_CONVERSION = YES;
				CLANG_WARN_OBJC_ROOT_CLASS = YES_ERROR;
				CLANG_WARN_QUOTED_INCLUDE_IN_FRAMEWORK_HEADER = YES;
				CLANG_WARN_RANGE_LOOP_ANALYSIS = YES;
				CLANG_WARN_STRICT_PROTOTYPES = YES;
				CLANG_WARN_SUSPICIOUS_MOVE = YES;
				CLANG_WARN_UNGUARDED_AVAILABILITY = YES_AGGRESSIVE;
				CLANG_WARN_UNREACHABLE_CODE = YES;
				CLANG_WARN__DUPLICATE_METHOD_MATCH = YES;
				COPY_PHASE_STRIP = NO;
				DEBUG_INFORMATION_FORMAT = dwarf;
				ENABLE_STRICT_OBJC_MSGSEND = YES;
				ENABLE_TESTABILITY = YES;
				GCC_C_LANGUAGE_STANDARD = gnu11;
				GCC_DYNAMIC_NO_PIC = NO;
				GCC_NO_COMMON_BLOCKS = YES;
				GCC_OPTIMIZATION_LEVEL = 0;
				GCC_PREPROCESSOR_DEFINITIONS = (
					"DEBUG=1",
					"$(inherited)",
				);
				GCC_WARN_64_TO_32_BIT_CONVERSION = YES;
				GCC_WARN_ABOUT_RETURN_TYPE = YES_ERROR;
				GCC_WARN_UNDECLARED_SELECTOR = YES;
				GCC_WARN_UNINITIALIZED_AUTOS = YES_AGGRESSIVE;
				GCC_WARN_UNUSED_FUNCTION = YES;
				GCC_WARN_UNUSED_VARIABLE = YES;
				IPHONEOS_DEPLOYMENT_TARGET = 14.4;
				MTL_ENABLE_DEBUG_INFO = INCLUDE_SOURCE;
				MTL_FAST_MATH = YES;
				ONLY_ACTIVE_ARCH = YES;
				SDKROOT = iphoneos;
				SWIFT_ACTIVE_COMPILATION_CONDITIONS = DEBUG;
				SWIFT_OPTIMIZATION_LEVEL = "-Onone";
			};
			name = Debug;
		};
		14E1C00C25E2826D0081A144 /* Release */ = {
			isa = XCBuildConfiguration;
			buildSettings = {
				ALWAYS_SEARCH_USER_PATHS = NO;
				CLANG_ANALYZER_NONNULL = YES;
				CLANG_ANALYZER_NUMBER_OBJECT_CONVERSION = YES_AGGRESSIVE;
				CLANG_CXX_LANGUAGE_STANDARD = "gnu++14";
				CLANG_CXX_LIBRARY = "libc++";
				CLANG_ENABLE_MODULES = YES;
				CLANG_ENABLE_OBJC_ARC = YES;
				CLANG_ENABLE_OBJC_WEAK = YES;
				CLANG_WARN_BLOCK_CAPTURE_AUTORELEASING = YES;
				CLANG_WARN_BOOL_CONVERSION = YES;
				CLANG_WARN_COMMA = YES;
				CLANG_WARN_CONSTANT_CONVERSION = YES;
				CLANG_WARN_DEPRECATED_OBJC_IMPLEMENTATIONS = YES;
				CLANG_WARN_DIRECT_OBJC_ISA_USAGE = YES_ERROR;
				CLANG_WARN_DOCUMENTATION_COMMENTS = YES;
				CLANG_WARN_EMPTY_BODY = YES;
				CLANG_WARN_ENUM_CONVERSION = YES;
				CLANG_WARN_INFINITE_RECURSION = YES;
				CLANG_WARN_INT_CONVERSION = YES;
				CLANG_WARN_NON_LITERAL_NULL_CONVERSION = YES;
				CLANG_WARN_OBJC_IMPLICIT_RETAIN_SELF = YES;
				CLANG_WARN_OBJC_LITERAL_CONVERSION = YES;
				CLANG_WARN_OBJC_ROOT_CLASS = YES_ERROR;
				CLANG_WARN_QUOTED_INCLUDE_IN_FRAMEWORK_HEADER = YES;
				CLANG_WARN_RANGE_LOOP_ANALYSIS = YES;
				CLANG_WARN_STRICT_PROTOTYPES = YES;
				CLANG_WARN_SUSPICIOUS_MOVE = YES;
				CLANG_WARN_UNGUARDED_AVAILABILITY = YES_AGGRESSIVE;
				CLANG_WARN_UNREACHABLE_CODE = YES;
				CLANG_WARN__DUPLICATE_METHOD_MATCH = YES;
				COPY_PHASE_STRIP = NO;
				DEBUG_INFORMATION_FORMAT = "dwarf-with-dsym";
				ENABLE_NS_ASSERTIONS = NO;
				ENABLE_STRICT_OBJC_MSGSEND = YES;
				GCC_C_LANGUAGE_STANDARD = gnu11;
				GCC_NO_COMMON_BLOCKS = YES;
				GCC_WARN_64_TO_32_BIT_CONVERSION = YES;
				GCC_WARN_ABOUT_RETURN_TYPE = YES_ERROR;
				GCC_WARN_UNDECLARED_SELECTOR = YES;
				GCC_WARN_UNINITIALIZED_AUTOS = YES_AGGRESSIVE;
				GCC_WARN_UNUSED_FUNCTION = YES;
				GCC_WARN_UNUSED_VARIABLE = YES;
				IPHONEOS_DEPLOYMENT_TARGET = 14.4;
				MTL_ENABLE_DEBUG_INFO = NO;
				MTL_FAST_MATH = YES;
				SDKROOT = iphoneos;
				SWIFT_COMPILATION_MODE = wholemodule;
				SWIFT_OPTIMIZATION_LEVEL = "-O";
				VALIDATE_PRODUCT = YES;
			};
			name = Release;
		};
		14E1C00E25E2826D0081A144 /* Debug */ = {
			isa = XCBuildConfiguration;
			buildSettings = {
				ASSETCATALOG_COMPILER_APPICON_NAME = AppIcon;
				ASSETCATALOG_COMPILER_GLOBAL_ACCENT_COLOR_NAME = AccentColor;
				CODE_SIGN_STYLE = Automatic;
				DEVELOPMENT_ASSET_PATHS = "\"NavigationViewAndList/Preview Content\"";
				ENABLE_PREVIEWS = YES;
				INFOPLIST_FILE = NavigationViewAndList/Info.plist;
				IPHONEOS_DEPLOYMENT_TARGET = 14.0;
				LD_RUNPATH_SEARCH_PATHS = (
					"$(inherited)",
					"@executable_path/Frameworks",
				);
				PRODUCT_BUNDLE_IDENTIFIER = com.esbae.NavigationViewAndList;
				PRODUCT_NAME = "$(TARGET_NAME)";
				SWIFT_VERSION = 5.0;
				TARGETED_DEVICE_FAMILY = "1,2";
			};
			name = Debug;
		};
		14E1C00F25E2826D0081A144 /* Release */ = {
			isa = XCBuildConfiguration;
			buildSettings = {
				ASSETCATALOG_COMPILER_APPICON_NAME = AppIcon;
				ASSETCATALOG_COMPILER_GLOBAL_ACCENT_COLOR_NAME = AccentColor;
				CODE_SIGN_STYLE = Automatic;
				DEVELOPMENT_ASSET_PATHS = "\"NavigationViewAndList/Preview Content\"";
				ENABLE_PREVIEWS = YES;
				INFOPLIST_FILE = NavigationViewAndList/Info.plist;
				IPHONEOS_DEPLOYMENT_TARGET = 14.0;
				LD_RUNPATH_SEARCH_PATHS = (
					"$(inherited)",
					"@executable_path/Frameworks",
				);
				PRODUCT_BUNDLE_IDENTIFIER = com.esbae.NavigationViewAndList;
				PRODUCT_NAME = "$(TARGET_NAME)";
				SWIFT_VERSION = 5.0;
				TARGETED_DEVICE_FAMILY = "1,2";
			};
			name = Release;
		};
		14E1C01125E2826D0081A144 /* Debug */ = {
			isa = XCBuildConfiguration;
			buildSettings = {
				ALWAYS_EMBED_SWIFT_STANDARD_LIBRARIES = YES;
				BUNDLE_LOADER = "$(TEST_HOST)";
				CODE_SIGN_STYLE = Automatic;
				INFOPLIST_FILE = NavigationViewAndListTests/Info.plist;
				IPHONEOS_DEPLOYMENT_TARGET = 14.0;
				LD_RUNPATH_SEARCH_PATHS = (
					"$(inherited)",
					"@executable_path/Frameworks",
					"@loader_path/Frameworks",
				);
				PRODUCT_BUNDLE_IDENTIFIER = com.esbae.NavigationViewAndListTests;
				PRODUCT_NAME = "$(TARGET_NAME)";
				SWIFT_VERSION = 5.0;
				TARGETED_DEVICE_FAMILY = "1,2";
				TEST_HOST = "$(BUILT_PRODUCTS_DIR)/NavigationViewAndList.app/NavigationViewAndList";
			};
			name = Debug;
		};
		14E1C01225E2826D0081A144 /* Release */ = {
			isa = XCBuildConfiguration;
			buildSettings = {
				ALWAYS_EMBED_SWIFT_STANDARD_LIBRARIES = YES;
				BUNDLE_LOADER = "$(TEST_HOST)";
				CODE_SIGN_STYLE = Automatic;
				INFOPLIST_FILE = NavigationViewAndListTests/Info.plist;
				IPHONEOS_DEPLOYMENT_TARGET = 14.0;
				LD_RUNPATH_SEARCH_PATHS = (
					"$(inherited)",
					"@executable_path/Frameworks",
					"@loader_path/Frameworks",
				);
				PRODUCT_BUNDLE_IDENTIFIER = com.esbae.NavigationViewAndListTests;
				PRODUCT_NAME = "$(TARGET_NAME)";
				SWIFT_VERSION = 5.0;
				TARGETED_DEVICE_FAMILY = "1,2";
				TEST_HOST = "$(BUILT_PRODUCTS_DIR)/NavigationViewAndList.app/NavigationViewAndList";
			};
			name = Release;
		};
		14E1C01425E2826D0081A144 /* Debug */ = {
			isa = XCBuildConfiguration;
			buildSettings = {
				ALWAYS_EMBED_SWIFT_STANDARD_LIBRARIES = YES;
				CODE_SIGN_STYLE = Automatic;
				INFOPLIST_FILE = NavigationViewAndListUITests/Info.plist;
				LD_RUNPATH_SEARCH_PATHS = (
					"$(inherited)",
					"@executable_path/Frameworks",
					"@loader_path/Frameworks",
				);
				PRODUCT_BUNDLE_IDENTIFIER = com.esbae.NavigationViewAndListUITests;
				PRODUCT_NAME = "$(TARGET_NAME)";
				SWIFT_VERSION = 5.0;
				TARGETED_DEVICE_FAMILY = "1,2";
				TEST_TARGET_NAME = NavigationViewAndList;
			};
			name = Debug;
		};
		14E1C01525E2826D0081A144 /* Release */ = {
			isa = XCBuildConfiguration;
			buildSettings = {
				ALWAYS_EMBED_SWIFT_STANDARD_LIBRARIES = YES;
				CODE_SIGN_STYLE = Automatic;
				INFOPLIST_FILE = NavigationViewAndListUITests/Info.plist;
				LD_RUNPATH_SEARCH_PATHS = (
					"$(inherited)",
					"@executable_path/Frameworks",
					"@loader_path/Frameworks",
				);
				PRODUCT_BUNDLE_IDENTIFIER = com.esbae.NavigationViewAndListUITests;
				PRODUCT_NAME = "$(TARGET_NAME)";
				SWIFT_VERSION = 5.0;
				TARGETED_DEVICE_FAMILY = "1,2";
				TEST_TARGET_NAME = NavigationViewAndList;
			};
			name = Release;
		};
/* End XCBuildConfiguration section */

/* Begin XCConfigurationList section */
		14E1BFE325E2826A0081A144 /* Build configuration list for PBXProject "NavigationViewAndList" */ = {
			isa = XCConfigurationList;
			buildConfigurations = (
				14E1C00B25E2826D0081A144 /* Debug */,
				14E1C00C25E2826D0081A144 /* Release */,
			);
			defaultConfigurationIsVisible = 0;
			defaultConfigurationName = Release;
		};
		14E1C00D25E2826D0081A144 /* Build configuration list for PBXNativeTarget "NavigationViewAndList" */ = {
			isa = XCConfigurationList;
			buildConfigurations = (
				14E1C00E25E2826D0081A144 /* Debug */,
				14E1C00F25E2826D0081A144 /* Release */,
			);
			defaultConfigurationIsVisible = 0;
			defaultConfigurationName = Release;
		};
		14E1C01025E2826D0081A144 /* Build configuration list for PBXNativeTarget "NavigationViewAndListTests" */ = {
			isa = XCConfigurationList;
			buildConfigurations = (
				14E1C01125E2826D0081A144 /* Debug */,
				14E1C01225E2826D0081A144 /* Release */,
			);
			defaultConfigurationIsVisible = 0;
			defaultConfigurationName = Release;
		};
		14E1C01325E2826D0081A144 /* Build configuration list for PBXNativeTarget "NavigationViewAndListUITests" */ = {
			isa = XCConfigurationList;
			buildConfigurations = (
				14E1C01425E2826D0081A144 /* Debug */,
				14E1C01525E2826D0081A144 /* Release */,
			);
			defaultConfigurationIsVisible = 0;
			defaultConfigurationName = Release;
		};
/* End XCConfigurationList section */
	};
	rootObject = 14E1BFE025E2826A0081A144 /* Project object */;
}
