// !$*UTF8*$!
{
	archiveVersion = 1;
	classes = {
	};
	objectVersion = 50;
	objects = {

/* Begin PBXBuildFile section */
		425E16E625D6B82400598976 /* AppDelegate.swift in Sources */ = {isa = PBXBuildFile; fileRef = 425E16E525D6B82400598976 /* AppDelegate.swift */; };
		425E16E825D6B82400598976 /* SceneDelegate.swift in Sources */ = {isa = PBXBuildFile; fileRef = 425E16E725D6B82400598976 /* SceneDelegate.swift */; };
		425E16EA25D6B82400598976 /* ContentView.swift in Sources */ = {isa = PBXBuildFile; fileRef = 425E16E925D6B82400598976 /* ContentView.swift */; };
		425E16EC25D6B82700598976 /* Assets.xcassets in Resources */ = {isa = PBXBuildFile; fileRef = 425E16EB25D6B82700598976 /* Assets.xcassets */; };
		425E16EF25D6B82700598976 /* Preview Assets.xcassets in Resources */ = {isa = PBXBuildFile; fileRef = 425E16EE25D6B82700598976 /* Preview Assets.xcassets */; };
		425E16F225D6B82700598976 /* LaunchScreen.storyboard in Resources */ = {isa = PBXBuildFile; fileRef = 425E16F025D6B82700598976 /* LaunchScreen.storyboard */; };
		425E16FB25D7E79F00598976 /* ModifierView.swift in Sources */ = {isa = PBXBuildFile; fileRef = 425E16FA25D7E79F00598976 /* ModifierView.swift */; };
		425E16FE25D7E85D00598976 /* ImageView.swift in Sources */ = {isa = PBXBuildFile; fileRef = 425E16FD25D7E85D00598976 /* ImageView.swift */; };
		425E170125D7E98300598976 /* SwiftUI.jpeg in Resources */ = {isa = PBXBuildFile; fileRef = 425E170025D7E98300598976 /* SwiftUI.jpeg */; };
/* End PBXBuildFile section */

/* Begin PBXFileReference section */
		425E16E225D6B82300598976 /* ConstructView.app */ = {isa = PBXFileReference; explicitFileType = wrapper.application; includeInIndex = 0; path = ConstructView.app; sourceTree = BUILT_PRODUCTS_DIR; };
		425E16E525D6B82400598976 /* AppDelegate.swift */ = {isa = PBXFileReference; lastKnownFileType = sourcecode.swift; path = AppDelegate.swift; sourceTree = "<group>"; };
		425E16E725D6B82400598976 /* SceneDelegate.swift */ = {isa = PBXFileReference; lastKnownFileType = sourcecode.swift; path = SceneDelegate.swift; sourceTree = "<group>"; };
		425E16E925D6B82400598976 /* ContentView.swift */ = {isa = PBXFileReference; lastKnownFileType = sourcecode.swift; path = ContentView.swift; sourceTree = "<group>"; };
		425E16EB25D6B82700598976 /* Assets.xcassets */ = {isa = PBXFileReference; lastKnownFileType = folder.assetcatalog; path = Assets.xcassets; sourceTree = "<group>"; };
		425E16EE25D6B82700598976 /* Preview Assets.xcassets */ = {isa = PBXFileReference; lastKnownFileType = folder.assetcatalog; path = "Preview Assets.xcassets"; sourceTree = "<group>"; };
		425E16F125D6B82700598976 /* Base */ = {isa = PBXFileReference; lastKnownFileType = file.storyboard; name = Base; path = Base.lproj/LaunchScreen.storyboard; sourceTree = "<group>"; };
		425E16F325D6B82700598976 /* Info.plist */ = {isa = PBXFileReference; lastKnownFileType = text.plist.xml; path = Info.plist; sourceTree = "<group>"; };
		425E16FA25D7E79F00598976 /* ModifierView.swift */ = {isa = PBXFileReference; lastKnownFileType = sourcecode.swift; path = ModifierView.swift; sourceTree = "<group>"; };
		425E16FD25D7E85D00598976 /* ImageView.swift */ = {isa = PBXFileReference; lastKnownFileType = sourcecode.swift; path = ImageView.swift; sourceTree = "<group>"; };
		425E170025D7E98300598976 /* SwiftUI.jpeg */ = {isa = PBXFileReference; lastKnownFileType = image.jpeg; path = SwiftUI.jpeg; sourceTree = "<group>"; };
/* End PBXFileReference section */

/* Begin PBXFrameworksBuildPhase section */
		425E16DF25D6B82300598976 /* Frameworks */ = {
			isa = PBXFrameworksBuildPhase;
			buildActionMask = 2147483647;
			files = (
			);
			runOnlyForDeploymentPostprocessing = 0;
		};
/* End PBXFrameworksBuildPhase section */

/* Begin PBXGroup section */
		425E16D925D6B82300598976 = {
			isa = PBXGroup;
			children = (
				425E16E425D6B82300598976 /* ConstructView */,
				425E16E325D6B82300598976 /* Products */,
			);
			sourceTree = "<group>";
		};
		425E16E325D6B82300598976 /* Products */ = {
			isa = PBXGroup;
			children = (
				425E16E225D6B82300598976 /* ConstructView.app */,
			);
			name = Products;
			sourceTree = "<group>";
		};
		425E16E425D6B82300598976 /* ConstructView */ = {
			isa = PBXGroup;
			children = (
				425E16E525D6B82400598976 /* AppDelegate.swift */,
				425E16E725D6B82400598976 /* SceneDelegate.swift */,
				425E16E925D6B82400598976 /* ContentView.swift */,
				425E170025D7E98300598976 /* SwiftUI.jpeg */,
				425E16EB25D6B82700598976 /* Assets.xcassets */,
				425E16F025D6B82700598976 /* LaunchScreen.storyboard */,
				425E16F325D6B82700598976 /* Info.plist */,
				425E16ED25D6B82700598976 /* Preview Content */,
				425E16FA25D7E79F00598976 /* ModifierView.swift */,
				425E16FD25D7E85D00598976 /* ImageView.swift */,
			);
			path = ConstructView;
			sourceTree = "<group>";
		};
		425E16ED25D6B82700598976 /* Preview Content */ = {
			isa = PBXGroup;
			children = (
				425E16EE25D6B82700598976 /* Preview Assets.xcassets */,
			);
			path = "Preview Content";
			sourceTree = "<group>";
		};
/* End PBXGroup section */

/* Begin PBXNativeTarget section */
		425E16E125D6B82300598976 /* ConstructView */ = {
			isa = PBXNativeTarget;
			buildConfigurationList = 425E16F625D6B82700598976 /* Build configuration list for PBXNativeTarget "ConstructView" */;
			buildPhases = (
				425E16DE25D6B82300598976 /* Sources */,
				425E16DF25D6B82300598976 /* Frameworks */,
				425E16E025D6B82300598976 /* Resources */,
			);
			buildRules = (
			);
			dependencies = (
			);
			name = ConstructView;
			productName = ConstructView;
			productReference = 425E16E225D6B82300598976 /* ConstructView.app */;
			productType = "com.apple.product-type.application";
		};
/* End PBXNativeTarget section */

/* Begin PBXProject section */
		425E16DA25D6B82300598976 /* Project object */ = {
			isa = PBXProject;
			attributes = {
				LastSwiftUpdateCheck = 1230;
				LastUpgradeCheck = 1230;
				TargetAttributes = {
					425E16E125D6B82300598976 = {
						CreatedOnToolsVersion = 12.3;
					};
				};
			};
			buildConfigurationList = 425E16DD25D6B82300598976 /* Build configuration list for PBXProject "ConstructView" */;
			compatibilityVersion = "Xcode 9.3";
			developmentRegion = en;
			hasScannedForEncodings = 0;
			knownRegions = (
				en,
				Base,
			);
			mainGroup = 425E16D925D6B82300598976;
			productRefGroup = 425E16E325D6B82300598976 /* Products */;
			projectDirPath = "";
			projectRoot = "";
			targets = (
				425E16E125D6B82300598976 /* ConstructView */,
			);
		};
/* End PBXProject section */

/* Begin PBXResourcesBuildPhase section */
		425E16E025D6B82300598976 /* Resources */ = {
			isa = PBXResourcesBuildPhase;
			buildActionMask = 2147483647;
			files = (
				425E16F225D6B82700598976 /* LaunchScreen.storyboard in Resources */,
				425E16EF25D6B82700598976 /* Preview Assets.xcassets in Resources */,
				425E16EC25D6B82700598976 /* Assets.xcassets in Resources */,
				425E170125D7E98300598976 /* SwiftUI.jpeg in Resources */,
			);
			runOnlyForDeploymentPostprocessing = 0;
		};
/* End PBXResourcesBuildPhase section */

/* Begin PBXSourcesBuildPhase section */
		425E16DE25D6B82300598976 /* Sources */ = {
			isa = PBXSourcesBuildPhase;
			buildActionMask = 2147483647;
			files = (
				425E16FE25D7E85D00598976 /* ImageView.swift in Sources */,
				425E16E625D6B82400598976 /* AppDelegate.swift in Sources */,
				425E16E825D6B82400598976 /* SceneDelegate.swift in Sources */,
				425E16EA25D6B82400598976 /* ContentView.swift in Sources */,
				425E16FB25D7E79F00598976 /* ModifierView.swift in Sources */,
			);
			runOnlyForDeploymentPostprocessing = 0;
		};
/* End PBXSourcesBuildPhase section */

/* Begin PBXVariantGroup section */
		425E16F025D6B82700598976 /* LaunchScreen.storyboard */ = {
			isa = PBXVariantGroup;
			children = (
				425E16F125D6B82700598976 /* Base */,
			);
			name = LaunchScreen.storyboard;
			sourceTree = "<group>";
		};
/* End PBXVariantGroup section */

/* Begin XCBuildConfiguration section */
		425E16F425D6B82700598976 /* Debug */ = {
			isa = XCBuildConfiguration;
			buildSettings = {
				ALWAYS_SEARCH_USER_PATHS = NO;
				CLANG_ANALYZER_NONNULL = YES;
				CLANG_ANALYZER_NUMBER_OBJECT_CONVERSION = YES_AGGRESSIVE;
				CLANG_CXX_LANGUAGE_STANDARD = "gnu++14";
				CLANG_CXX_LIBRARY = "libc++";
				CLANG_ENABLE_MODULES = YES;
				CLANG_ENABLE_OBJC_ARC = YES;
				CLANG_ENABLE_OBJC_WEAK = YES;
				CLANG_WARN_BLOCK_CAPTURE_AUTORELEASING = YES;
				CLANG_WARN_BOOL_CONVERSION = YES;
				CLANG_WARN_COMMA = YES;
				CLANG_WARN_CONSTANT_CONVERSION = YES;
				CLANG_WARN_DEPRECATED_OBJC_IMPLEMENTATIONS = YES;
				CLANG_WARN_DIRECT_OBJC_ISA_USAGE = YES_ERROR;
				CLANG_WARN_DOCUMENTATION_COMMENTS = YES;
				CLANG_WARN_EMPTY_BODY = YES;
				CLANG_WARN_ENUM_CONVERSION = YES;
				CLANG_WARN_INFINITE_RECURSION = YES;
				CLANG_WARN_INT_CONVERSION = YES;
				CLANG_WARN_NON_LITERAL_NULL_CONVERSION = YES;
				CLANG_WARN_OBJC_IMPLICIT_RETAIN_SELF = YES;
				CLANG_WARN_OBJC_LITERAL_CONVERSION = YES;
				CLANG_WARN_OBJC_ROOT_CLASS = YES_ERROR;
				CLANG_WARN_QUOTED_INCLUDE_IN_FRAMEWORK_HEADER = YES;
				CLANG_WARN_RANGE_LOOP_ANALYSIS = YES;
				CLANG_WARN_STRICT_PROTOTYPES = YES;
				CLANG_WARN_SUSPICIOUS_MOVE = YES;
				CLANG_WARN_UNGUARDED_AVAILABILITY = YES_AGGRESSIVE;
				CLANG_WARN_UNREACHABLE_CODE = YES;
				CLANG_WARN__DUPLICATE_METHOD_MATCH = YES;
				COPY_PHASE_STRIP = NO;
				DEBUG_INFORMATION_FORMAT = dwarf;
				ENABLE_STRICT_OBJC_MSGSEND = YES;
				ENABLE_TESTABILITY = YES;
				GCC_C_LANGUAGE_STANDARD = gnu11;
				GCC_DYNAMIC_NO_PIC = NO;
				GCC_NO_COMMON_BLOCKS = YES;
				GCC_OPTIMIZATION_LEVEL = 0;
				GCC_PREPROCESSOR_DEFINITIONS = (
					"DEBUG=1",
					"$(inherited)",
				);
				GCC_WARN_64_TO_32_BIT_CONVERSION = YES;
				GCC_WARN_ABOUT_RETURN_TYPE = YES_ERROR;
				GCC_WARN_UNDECLARED_SELECTOR = YES;
				GCC_WARN_UNINITIALIZED_AUTOS = YES_AGGRESSIVE;
				GCC_WARN_UNUSED_FUNCTION = YES;
				GCC_WARN_UNUSED_VARIABLE = YES;
				IPHONEOS_DEPLOYMENT_TARGET = 14.3;
				MTL_ENABLE_DEBUG_INFO = INCLUDE_SOURCE;
				MTL_FAST_MATH = YES;
				ONLY_ACTIVE_ARCH = YES;
				SDKROOT = iphoneos;
				SWIFT_ACTIVE_COMPILATION_CONDITIONS = DEBUG;
				SWIFT_OPTIMIZATION_LEVEL = "-Onone";
			};
			name = Debug;
		};
		425E16F525D6B82700598976 /* Release */ = {
			isa = XCBuildConfiguration;
			buildSettings = {
				ALWAYS_SEARCH_USER_PATHS = NO;
				CLANG_ANALYZER_NONNULL = YES;
				CLANG_ANALYZER_NUMBER_OBJECT_CONVERSION = YES_AGGRESSIVE;
				CLANG_CXX_LANGUAGE_STANDARD = "gnu++14";
				CLANG_CXX_LIBRARY = "libc++";
				CLANG_ENABLE_MODULES = YES;
				CLANG_ENABLE_OBJC_ARC = YES;
				CLANG_ENABLE_OBJC_WEAK = YES;
				CLANG_WARN_BLOCK_CAPTURE_AUTORELEASING = YES;
				CLANG_WARN_BOOL_CONVERSION = YES;
				CLANG_WARN_COMMA = YES;
				CLANG_WARN_CONSTANT_CONVERSION = YES;
				CLANG_WARN_DEPRECATED_OBJC_IMPLEMENTATIONS = YES;
				CLANG_WARN_DIRECT_OBJC_ISA_USAGE = YES_ERROR;
				CLANG_WARN_DOCUMENTATION_COMMENTS = YES;
				CLANG_WARN_EMPTY_BODY = YES;
				CLANG_WARN_ENUM_CONVERSION = YES;
				CLANG_WARN_INFINITE_RECURSION = YES;
				CLANG_WARN_INT_CONVERSION = YES;
				CLANG_WARN_NON_LITERAL_NULL_CONVERSION = YES;
				CLANG_WARN_OBJC_IMPLICIT_RETAIN_SELF = YES;
				CLANG_WARN_OBJC_LITERAL_CONVERSION = YES;
				CLANG_WARN_OBJC_ROOT_CLASS = YES_ERROR;
				CLANG_WARN_QUOTED_INCLUDE_IN_FRAMEWORK_HEADER = YES;
				CLANG_WARN_RANGE_LOOP_ANALYSIS = YES;
				CLANG_WARN_STRICT_PROTOTYPES = YES;
				CLANG_WARN_SUSPICIOUS_MOVE = YES;
				CLANG_WARN_UNGUARDED_AVAILABILITY = YES_AGGRESSIVE;
				CLANG_WARN_UNREACHABLE_CODE = YES;
				CLANG_WARN__DUPLICATE_METHOD_MATCH = YES;
				COPY_PHASE_STRIP = NO;
				DEBUG_INFORMATION_FORMAT = "dwarf-with-dsym";
				ENABLE_NS_ASSERTIONS = NO;
				ENABLE_STRICT_OBJC_MSGSEND = YES;
				GCC_C_LANGUAGE_STANDARD = gnu11;
				GCC_NO_COMMON_BLOCKS = YES;
				GCC_WARN_64_TO_32_BIT_CONVERSION = YES;
				GCC_WARN_ABOUT_RETURN_TYPE = YES_ERROR;
				GCC_WARN_UNDECLARED_SELECTOR = YES;
				GCC_WARN_UNINITIALIZED_AUTOS = YES_AGGRESSIVE;
				GCC_WARN_UNUSED_FUNCTION = YES;
				GCC_WARN_UNUSED_VARIABLE = YES;
				IPHONEOS_DEPLOYMENT_TARGET = 14.3;
				MTL_ENABLE_DEBUG_INFO = NO;
				MTL_FAST_MATH = YES;
				SDKROOT = iphoneos;
				SWIFT_COMPILATION_MODE = wholemodule;
				SWIFT_OPTIMIZATION_LEVEL = "-O";
				VALIDATE_PRODUCT = YES;
			};
			name = Release;
		};
		425E16F725D6B82700598976 /* Debug */ = {
			isa = XCBuildConfiguration;
			buildSettings = {
				ASSETCATALOG_COMPILER_APPICON_NAME = AppIcon;
				ASSETCATALOG_COMPILER_GLOBAL_ACCENT_COLOR_NAME = AccentColor;
				CODE_SIGN_STYLE = Automatic;
				DEVELOPMENT_ASSET_PATHS = "\"ConstructView/Preview Content\"";
				ENABLE_PREVIEWS = YES;
				INFOPLIST_FILE = ConstructView/Info.plist;
				LD_RUNPATH_SEARCH_PATHS = (
					"$(inherited)",
					"@executable_path/Frameworks",
				);
				PRODUCT_BUNDLE_IDENTIFIER = com.eonsubae.ConstructView;
				PRODUCT_NAME = "$(TARGET_NAME)";
				SWIFT_VERSION = 5.0;
				TARGETED_DEVICE_FAMILY = "1,2";
			};
			name = Debug;
		};
		425E16F825D6B82700598976 /* Release */ = {
			isa = XCBuildConfiguration;
			buildSettings = {
				ASSETCATALOG_COMPILER_APPICON_NAME = AppIcon;
				ASSETCATALOG_COMPILER_GLOBAL_ACCENT_COLOR_NAME = AccentColor;
				CODE_SIGN_STYLE = Automatic;
				DEVELOPMENT_ASSET_PATHS = "\"ConstructView/Preview Content\"";
				ENABLE_PREVIEWS = YES;
				INFOPLIST_FILE = ConstructView/Info.plist;
				LD_RUNPATH_SEARCH_PATHS = (
					"$(inherited)",
					"@executable_path/Frameworks",
				);
				PRODUCT_BUNDLE_IDENTIFIER = com.eonsubae.ConstructView;
				PRODUCT_NAME = "$(TARGET_NAME)";
				SWIFT_VERSION = 5.0;
				TARGETED_DEVICE_FAMILY = "1,2";
			};
			name = Release;
		};
/* End XCBuildConfiguration section */

/* Begin XCConfigurationList section */
		425E16DD25D6B82300598976 /* Build configuration list for PBXProject "ConstructView" */ = {
			isa = XCConfigurationList;
			buildConfigurations = (
				425E16F425D6B82700598976 /* Debug */,
				425E16F525D6B82700598976 /* Release */,
			);
			defaultConfigurationIsVisible = 0;
			defaultConfigurationName = Release;
		};
		425E16F625D6B82700598976 /* Build configuration list for PBXNativeTarget "ConstructView" */ = {
			isa = XCConfigurationList;
			buildConfigurations = (
				425E16F725D6B82700598976 /* Debug */,
				425E16F825D6B82700598976 /* Release */,
			);
			defaultConfigurationIsVisible = 0;
			defaultConfigurationName = Release;
		};
/* End XCConfigurationList section */
	};
	rootObject = 425E16DA25D6B82300598976 /* Project object */;
}
